lockfileVersion: 5.3

specifiers:
  katex: 0.13.20

dependencies:
  katex: 0.13.20

packages:

  /commander/6.2.1:
    resolution: {integrity: sha512-U7VdrJFnJgo4xjrHpTzu0yrHPGImdsmD95ZlgYSEajAn2JKzDhDTPG9kBTefmObL2w/ngeZnilk+OV9CG3d7UA==}
    engines: {node: '>= 6'}
    dev: false

  /katex/0.13.20:
    resolution: {integrity: sha512-nGuuanV0idsPpWy3LKtTYSbqHwPOr9qxXuoJ/1l5fTLA2RYXVknpqElxgudXeaMz55OnxW2KhY7BV1greb08zg==}
    hasBin: true
    dependencies:
      commander: 6.2.1
    dev: false
