lockfileVersion: 5.3

specifiers:
  katex: 0.13.18

dependencies:
  katex: 0.13.18

packages:

  /commander/6.2.1:
    resolution: {integrity: sha512-U7VdrJFnJgo4xjrHpTzu0yrHPGImdsmD95ZlgYSEajAn2JKzDhDTPG9kBTefmObL2w/ngeZnilk+OV9CG3d7UA==}
    engines: {node: '>= 6'}
    dev: false

  /katex/0.13.18:
    resolution: {integrity: sha512-a3dC4NSVSDU3O1WZbTnOiA8rVNJ2lSiomOl0kmckCIGObccIHXof7gAseIY0o1gjEspe+34ZeSEX2D1ChFKIvA==}
    hasBin: true
    dependencies:
      commander: 6.2.1
    dev: false
